// !$*UTF8*$!
{
	archiveVersion = 1;
	classes = {
	};
	objectVersion = 46;
	objects = {

/* Begin PBXBuildFile section */
		7B44FEA91E41621200066815 /* AppDelegate.swift in Sources */ = {isa = PBXBuildFile; fileRef = 7B44FEA81E41621200066815 /* AppDelegate.swift */; };
		7B44FEAB1E41621200066815 /* HomeVC.swift in Sources */ = {isa = PBXBuildFile; fileRef = 7B44FEAA1E41621200066815 /* HomeVC.swift */; };
		7B44FEB01E41621200066815 /* Assets.xcassets in Resources */ = {isa = PBXBuildFile; fileRef = 7B44FEAF1E41621200066815 /* Assets.xcassets */; };
		7B44FEB31E41621200066815 /* LaunchScreen.storyboard in Resources */ = {isa = PBXBuildFile; fileRef = 7B44FEB11E41621200066815 /* LaunchScreen.storyboard */; };
		7B44FEBB1E4165A300066815 /* WordCell.swift in Sources */ = {isa = PBXBuildFile; fileRef = 7B44FEBA1E4165A300066815 /* WordCell.swift */; };
		7B44FEBD1E416E2B00066815 /* HomeDataSourceController.swift in Sources */ = {isa = PBXBuildFile; fileRef = 7B44FEBC1E416E2B00066815 /* HomeDataSourceController.swift */; };
		7B44FEC41E41740900066815 /* FooterCell.swift in Sources */ = {isa = PBXBuildFile; fileRef = 7B44FEC31E41740900066815 /* FooterCell.swift */; };
		7B44FEC61E41744B00066815 /* HomeDataSource.swift in Sources */ = {isa = PBXBuildFile; fileRef = 7B44FEC51E41744B00066815 /* HomeDataSource.swift */; };
		7BA187431E4C0403008DEF35 /* User.swift in Sources */ = {isa = PBXBuildFile; fileRef = 7BA187421E4C0403008DEF35 /* User.swift */; };
		7BA187451E4C0972008DEF35 /* UserCell.swift in Sources */ = {isa = PBXBuildFile; fileRef = 7BA187441E4C0972008DEF35 /* UserCell.swift */; };
		7BA187471E4C1AFE008DEF35 /* HomeDataSourceController+NavBar.swift in Sources */ = {isa = PBXBuildFile; fileRef = 7BA187461E4C1AFE008DEF35 /* HomeDataSourceController+NavBar.swift */; };
		7BA187491E4C2492008DEF35 /* HeaderCell.swift in Sources */ = {isa = PBXBuildFile; fileRef = 7BA187481E4C2492008DEF35 /* HeaderCell.swift */; };
		7BA1874B1E4C25BB008DEF35 /* TweetCell.swift in Sources */ = {isa = PBXBuildFile; fileRef = 7BA1874A1E4C25BB008DEF35 /* TweetCell.swift */; };
		EF0DD1FD28A1230270A29CFD /* Pods_TwitterLayout.framework in Frameworks */ = {isa = PBXBuildFile; fileRef = 19B4E32FEBF10E6A794178BB /* Pods_TwitterLayout.framework */; };
/* End PBXBuildFile section */

/* Begin PBXFileReference section */
		02C3E41010081010AD28E43C /* Pods-TwitterLayout.debug.xcconfig */ = {isa = PBXFileReference; includeInIndex = 1; lastKnownFileType = text.xcconfig; name = "Pods-TwitterLayout.debug.xcconfig"; path = "Pods/Target Support Files/Pods-TwitterLayout/Pods-TwitterLayout.debug.xcconfig"; sourceTree = "<group>"; };
		19B4E32FEBF10E6A794178BB /* Pods_TwitterLayout.framework */ = {isa = PBXFileReference; explicitFileType = wrapper.framework; includeInIndex = 0; path = Pods_TwitterLayout.framework; sourceTree = BUILT_PRODUCTS_DIR; };
		7B44FEA51E41621200066815 /* TwitterLayout.app */ = {isa = PBXFileReference; explicitFileType = wrapper.application; includeInIndex = 0; path = TwitterLayout.app; sourceTree = BUILT_PRODUCTS_DIR; };
		7B44FEA81E41621200066815 /* AppDelegate.swift */ = {isa = PBXFileReference; lastKnownFileType = sourcecode.swift; path = AppDelegate.swift; sourceTree = "<group>"; };
		7B44FEAA1E41621200066815 /* HomeVC.swift */ = {isa = PBXFileReference; lastKnownFileType = sourcecode.swift; path = HomeVC.swift; sourceTree = "<group>"; };
		7B44FEAF1E41621200066815 /* Assets.xcassets */ = {isa = PBXFileReference; lastKnownFileType = folder.assetcatalog; path = Assets.xcassets; sourceTree = "<group>"; };
		7B44FEB21E41621200066815 /* Base */ = {isa = PBXFileReference; lastKnownFileType = file.storyboard; name = Base; path = Base.lproj/LaunchScreen.storyboard; sourceTree = "<group>"; };
		7B44FEB41E41621200066815 /* Info.plist */ = {isa = PBXFileReference; lastKnownFileType = text.plist.xml; path = Info.plist; sourceTree = "<group>"; };
		7B44FEBA1E4165A300066815 /* WordCell.swift */ = {isa = PBXFileReference; fileEncoding = 4; lastKnownFileType = sourcecode.swift; path = WordCell.swift; sourceTree = "<group>"; };
		7B44FEBC1E416E2B00066815 /* HomeDataSourceController.swift */ = {isa = PBXFileReference; fileEncoding = 4; lastKnownFileType = sourcecode.swift; path = HomeDataSourceController.swift; sourceTree = "<group>"; };
		7B44FEC31E41740900066815 /* FooterCell.swift */ = {isa = PBXFileReference; fileEncoding = 4; lastKnownFileType = sourcecode.swift; path = FooterCell.swift; sourceTree = "<group>"; };
		7B44FEC51E41744B00066815 /* HomeDataSource.swift */ = {isa = PBXFileReference; fileEncoding = 4; lastKnownFileType = sourcecode.swift; path = HomeDataSource.swift; sourceTree = "<group>"; };
		7BA187421E4C0403008DEF35 /* User.swift */ = {isa = PBXFileReference; fileEncoding = 4; lastKnownFileType = sourcecode.swift; path = User.swift; sourceTree = "<group>"; };
		7BA187441E4C0972008DEF35 /* UserCell.swift */ = {isa = PBXFileReference; fileEncoding = 4; lastKnownFileType = sourcecode.swift; path = UserCell.swift; sourceTree = "<group>"; };
		7BA187461E4C1AFE008DEF35 /* HomeDataSourceController+NavBar.swift */ = {isa = PBXFileReference; fileEncoding = 4; lastKnownFileType = sourcecode.swift; path = "HomeDataSourceController+NavBar.swift"; sourceTree = "<group>"; };
		7BA187481E4C2492008DEF35 /* HeaderCell.swift */ = {isa = PBXFileReference; fileEncoding = 4; lastKnownFileType = sourcecode.swift; path = HeaderCell.swift; sourceTree = "<group>"; };
		7BA1874A1E4C25BB008DEF35 /* TweetCell.swift */ = {isa = PBXFileReference; fileEncoding = 4; lastKnownFileType = sourcecode.swift; path = TweetCell.swift; sourceTree = "<group>"; };
		B1B51F7197880008CC6605D2 /* Pods-TwitterLayout.release.xcconfig */ = {isa = PBXFileReference; includeInIndex = 1; lastKnownFileType = text.xcconfig; name = "Pods-TwitterLayout.release.xcconfig"; path = "Pods/Target Support Files/Pods-TwitterLayout/Pods-TwitterLayout.release.xcconfig"; sourceTree = "<group>"; };
/* End PBXFileReference section */

/* Begin PBXFrameworksBuildPhase section */
		7B44FEA21E41621200066815 /* Frameworks */ = {
			isa = PBXFrameworksBuildPhase;
			buildActionMask = 2147483647;
			files = (
				EF0DD1FD28A1230270A29CFD /* Pods_TwitterLayout.framework in Frameworks */,
			);
			runOnlyForDeploymentPostprocessing = 0;
		};
/* End PBXFrameworksBuildPhase section */

/* Begin PBXGroup section */
		0342F3734F9ADD2633C42EA3 /* Pods */ = {
			isa = PBXGroup;
			children = (
				02C3E41010081010AD28E43C /* Pods-TwitterLayout.debug.xcconfig */,
				B1B51F7197880008CC6605D2 /* Pods-TwitterLayout.release.xcconfig */,
			);
			name = Pods;
			sourceTree = "<group>";
		};
		7B44FE9C1E41621200066815 = {
			isa = PBXGroup;
			children = (
				7B44FEA71E41621200066815 /* TwitterLayout */,
				7B44FEA61E41621200066815 /* Products */,
				0342F3734F9ADD2633C42EA3 /* Pods */,
				A748BCF86931F42CBC0FBAF8 /* Frameworks */,
			);
			sourceTree = "<group>";
		};
		7B44FEA61E41621200066815 /* Products */ = {
			isa = PBXGroup;
			children = (
				7B44FEA51E41621200066815 /* TwitterLayout.app */,
			);
			name = Products;
			sourceTree = "<group>";
		};
		7B44FEA71E41621200066815 /* TwitterLayout */ = {
			isa = PBXGroup;
			children = (
				7B44FEA81E41621200066815 /* AppDelegate.swift */,
				7B44FEBE1E41737800066815 /* ClassicLayout */,
				7B44FEBF1E41739000066815 /* LBTAComponent */,
				7B44FEAF1E41621200066815 /* Assets.xcassets */,
				7B44FEB11E41621200066815 /* LaunchScreen.storyboard */,
				7B44FEB41E41621200066815 /* Info.plist */,
			);
			path = TwitterLayout;
			sourceTree = "<group>";
		};
		7B44FEBE1E41737800066815 /* ClassicLayout */ = {
			isa = PBXGroup;
			children = (
				7B44FEBA1E4165A300066815 /* WordCell.swift */,
				7B44FEAA1E41621200066815 /* HomeVC.swift */,
			);
			name = ClassicLayout;
			sourceTree = "<group>";
		};
		7B44FEBF1E41739000066815 /* LBTAComponent */ = {
			isa = PBXGroup;
			children = (
				7B44FEC21E4173E600066815 /* View */,
				7B44FEC11E4173DF00066815 /* Model */,
				7B44FEC01E4173D200066815 /* Controller */,
			);
			name = LBTAComponent;
			sourceTree = "<group>";
		};
		7B44FEC01E4173D200066815 /* Controller */ = {
			isa = PBXGroup;
			children = (
				7B44FEBC1E416E2B00066815 /* HomeDataSourceController.swift */,
				7BA187461E4C1AFE008DEF35 /* HomeDataSourceController+NavBar.swift */,
			);
			name = Controller;
			sourceTree = "<group>";
		};
		7B44FEC11E4173DF00066815 /* Model */ = {
			isa = PBXGroup;
			children = (
				7B44FEC51E41744B00066815 /* HomeDataSource.swift */,
				7BA187421E4C0403008DEF35 /* User.swift */,
			);
			name = Model;
			sourceTree = "<group>";
		};
		7B44FEC21E4173E600066815 /* View */ = {
			isa = PBXGroup;
			children = (
				7B44FEC31E41740900066815 /* FooterCell.swift */,
				7BA1874A1E4C25BB008DEF35 /* TweetCell.swift */,
				7BA187481E4C2492008DEF35 /* HeaderCell.swift */,
				7BA187441E4C0972008DEF35 /* UserCell.swift */,
			);
			name = View;
			sourceTree = "<group>";
		};
		A748BCF86931F42CBC0FBAF8 /* Frameworks */ = {
			isa = PBXGroup;
			children = (
				19B4E32FEBF10E6A794178BB /* Pods_TwitterLayout.framework */,
			);
			name = Frameworks;
			sourceTree = "<group>";
		};
/* End PBXGroup section */

/* Begin PBXNativeTarget section */
		7B44FEA41E41621200066815 /* TwitterLayout */ = {
			isa = PBXNativeTarget;
			buildConfigurationList = 7B44FEB71E41621200066815 /* Build configuration list for PBXNativeTarget "TwitterLayout" */;
			buildPhases = (
				6C804B5F9C0CB2ADC52921A1 /* [CP] Check Pods Manifest.lock */,
				7B44FEA11E41621200066815 /* Sources */,
				7B44FEA21E41621200066815 /* Frameworks */,
				7B44FEA31E41621200066815 /* Resources */,
				D58341332C609AE27AF48B2E /* [CP] Embed Pods Frameworks */,
				E9953FF71C08B042B6091320 /* [CP] Copy Pods Resources */,
			);
			buildRules = (
			);
			dependencies = (
			);
			name = TwitterLayout;
			productName = TwitterLayout;
			productReference = 7B44FEA51E41621200066815 /* TwitterLayout.app */;
			productType = "com.apple.product-type.application";
		};
/* End PBXNativeTarget section */

/* Begin PBXProject section */
		7B44FE9D1E41621200066815 /* Project object */ = {
			isa = PBXProject;
			attributes = {
				LastSwiftUpdateCheck = 0810;
				LastUpgradeCheck = 0810;
				ORGANIZATIONNAME = "James Rochabrun";
				TargetAttributes = {
					7B44FEA41E41621200066815 = {
						CreatedOnToolsVersion = 8.1;
						DevelopmentTeam = ULU46F325W;
						ProvisioningStyle = Automatic;
					};
				};
			};
			buildConfigurationList = 7B44FEA01E41621200066815 /* Build configuration list for PBXProject "TwitterLayout" */;
			compatibilityVersion = "Xcode 3.2";
			developmentRegion = English;
			hasScannedForEncodings = 0;
			knownRegions = (
				en,
				Base,
			);
			mainGroup = 7B44FE9C1E41621200066815;
			productRefGroup = 7B44FEA61E41621200066815 /* Products */;
			projectDirPath = "";
			projectRoot = "";
			targets = (
				7B44FEA41E41621200066815 /* TwitterLayout */,
			);
		};
/* End PBXProject section */

/* Begin PBXResourcesBuildPhase section */
		7B44FEA31E41621200066815 /* Resources */ = {
			isa = PBXResourcesBuildPhase;
			buildActionMask = 2147483647;
			files = (
				7B44FEB31E41621200066815 /* LaunchScreen.storyboard in Resources */,
				7B44FEB01E41621200066815 /* Assets.xcassets in Resources */,
			);
			runOnlyForDeploymentPostprocessing = 0;
		};
/* End PBXResourcesBuildPhase section */

/* Begin PBXShellScriptBuildPhase section */
		6C804B5F9C0CB2ADC52921A1 /* [CP] Check Pods Manifest.lock */ = {
			isa = PBXShellScriptBuildPhase;
			buildActionMask = 2147483647;
			files = (
			);
			inputPaths = (
			);
			name = "[CP] Check Pods Manifest.lock";
			outputPaths = (
			);
			runOnlyForDeploymentPostprocessing = 0;
			shellPath = /bin/sh;
			shellScript = "diff \"${PODS_ROOT}/../Podfile.lock\" \"${PODS_ROOT}/Manifest.lock\" > /dev/null\nif [ $? != 0 ] ; then\n    # print error to STDERR\n    echo \"error: The sandbox is not in sync with the Podfile.lock. Run 'pod install' or update your CocoaPods installation.\" >&2\n    exit 1\nfi\n";
			showEnvVarsInLog = 0;
		};
		D58341332C609AE27AF48B2E /* [CP] Embed Pods Frameworks */ = {
			isa = PBXShellScriptBuildPhase;
			buildActionMask = 2147483647;
			files = (
			);
			inputPaths = (
			);
			name = "[CP] Embed Pods Frameworks";
			outputPaths = (
			);
			runOnlyForDeploymentPostprocessing = 0;
			shellPath = /bin/sh;
			shellScript = "\"${SRCROOT}/Pods/Target Support Files/Pods-TwitterLayout/Pods-TwitterLayout-frameworks.sh\"\n";
			showEnvVarsInLog = 0;
		};
		E9953FF71C08B042B6091320 /* [CP] Copy Pods Resources */ = {
			isa = PBXShellScriptBuildPhase;
			buildActionMask = 2147483647;
			files = (
			);
			inputPaths = (
			);
			name = "[CP] Copy Pods Resources";
			outputPaths = (
			);
			runOnlyForDeploymentPostprocessing = 0;
			shellPath = /bin/sh;
			shellScript = "\"${SRCROOT}/Pods/Target Support Files/Pods-TwitterLayout/Pods-TwitterLayout-resources.sh\"\n";
			showEnvVarsInLog = 0;
		};
/* End PBXShellScriptBuildPhase section */

/* Begin PBXSourcesBuildPhase section */
		7B44FEA11E41621200066815 /* Sources */ = {
			isa = PBXSourcesBuildPhase;
			buildActionMask = 2147483647;
			files = (
				7BA187451E4C0972008DEF35 /* UserCell.swift in Sources */,
				7B44FEBB1E4165A300066815 /* WordCell.swift in Sources */,
				7B44FEC61E41744B00066815 /* HomeDataSource.swift in Sources */,
				7B44FEBD1E416E2B00066815 /* HomeDataSourceController.swift in Sources */,
				7BA1874B1E4C25BB008DEF35 /* TweetCell.swift in Sources */,
				7B44FEAB1E41621200066815 /* HomeVC.swift in Sources */,
				7B44FEA91E41621200066815 /* AppDelegate.swift in Sources */,
				7BA187491E4C2492008DEF35 /* HeaderCell.swift in Sources */,
				7BA187471E4C1AFE008DEF35 /* HomeDataSourceController+NavBar.swift in Sources */,
				7B44FEC41E41740900066815 /* FooterCell.swift in Sources */,
				7BA187431E4C0403008DEF35 /* User.swift in Sources */,
			);
			runOnlyForDeploymentPostprocessing = 0;
		};
/* End PBXSourcesBuildPhase section */

/* Begin PBXVariantGroup section */
		7B44FEB11E41621200066815 /* LaunchScreen.storyboard */ = {
			isa = PBXVariantGroup;
			children = (
				7B44FEB21E41621200066815 /* Base */,
			);
			name = LaunchScreen.storyboard;
			sourceTree = "<group>";
		};
/* End PBXVariantGroup section */

/* Begin XCBuildConfiguration section */
		7B44FEB51E41621200066815 /* Debug */ = {
			isa = XCBuildConfiguration;
			buildSettings = {
				ALWAYS_SEARCH_USER_PATHS = NO;
				CLANG_ANALYZER_NONNULL = YES;
				CLANG_CXX_LANGUAGE_STANDARD = "gnu++0x";
				CLANG_CXX_LIBRARY = "libc++";
				CLANG_ENABLE_MODULES = YES;
				CLANG_ENABLE_OBJC_ARC = YES;
				CLANG_WARN_BOOL_CONVERSION = YES;
				CLANG_WARN_CONSTANT_CONVERSION = YES;
				CLANG_WARN_DIRECT_OBJC_ISA_USAGE = YES_ERROR;
				CLANG_WARN_DOCUMENTATION_COMMENTS = YES;
				CLANG_WARN_EMPTY_BODY = YES;
				CLANG_WARN_ENUM_CONVERSION = YES;
				CLANG_WARN_INFINITE_RECURSION = YES;
				CLANG_WARN_INT_CONVERSION = YES;
				CLANG_WARN_OBJC_ROOT_CLASS = YES_ERROR;
				CLANG_WARN_SUSPICIOUS_MOVE = YES;
				CLANG_WARN_SUSPICIOUS_MOVES = YES;
				CLANG_WARN_UNREACHABLE_CODE = YES;
				CLANG_WARN__DUPLICATE_METHOD_MATCH = YES;
				"CODE_SIGN_IDENTITY[sdk=iphoneos*]" = "iPhone Developer";
				COPY_PHASE_STRIP = NO;
				DEBUG_INFORMATION_FORMAT = dwarf;
				ENABLE_STRICT_OBJC_MSGSEND = YES;
				ENABLE_TESTABILITY = YES;
				GCC_C_LANGUAGE_STANDARD = gnu99;
				GCC_DYNAMIC_NO_PIC = NO;
				GCC_NO_COMMON_BLOCKS = YES;
				GCC_OPTIMIZATION_LEVEL = 0;
				GCC_PREPROCESSOR_DEFINITIONS = (
					"DEBUG=1",
					"$(inherited)",
				);
				GCC_WARN_64_TO_32_BIT_CONVERSION = YES;
				GCC_WARN_ABOUT_RETURN_TYPE = YES_ERROR;
				GCC_WARN_UNDECLARED_SELECTOR = YES;
				GCC_WARN_UNINITIALIZED_AUTOS = YES_AGGRESSIVE;
				GCC_WARN_UNUSED_FUNCTION = YES;
				GCC_WARN_UNUSED_VARIABLE = YES;
				IPHONEOS_DEPLOYMENT_TARGET = 10.1;
				MTL_ENABLE_DEBUG_INFO = YES;
				ONLY_ACTIVE_ARCH = YES;
				SDKROOT = iphoneos;
				SWIFT_ACTIVE_COMPILATION_CONDITIONS = DEBUG;
				SWIFT_OPTIMIZATION_LEVEL = "-Onone";
				TARGETED_DEVICE_FAMILY = "1,2";
			};
			name = Debug;
		};
		7B44FEB61E41621200066815 /* Release */ = {
			isa = XCBuildConfiguration;
			buildSettings = {
				ALWAYS_SEARCH_USER_PATHS = NO;
				CLANG_ANALYZER_NONNULL = YES;
				CLANG_CXX_LANGUAGE_STANDARD = "gnu++0x";
				CLANG_CXX_LIBRARY = "libc++";
				CLANG_ENABLE_MODULES = YES;
				CLANG_ENABLE_OBJC_ARC = YES;
				CLANG_WARN_BOOL_CONVERSION = YES;
				CLANG_WARN_CONSTANT_CONVERSION = YES;
				CLANG_WARN_DIRECT_OBJC_ISA_USAGE = YES_ERROR;
				CLANG_WARN_DOCUMENTATION_COMMENTS = YES;
				CLANG_WARN_EMPTY_BODY = YES;
				CLANG_WARN_ENUM_CONVERSION = YES;
				CLANG_WARN_INFINITE_RECURSION = YES;
				CLANG_WARN_INT_CONVERSION = YES;
				CLANG_WARN_OBJC_ROOT_CLASS = YES_ERROR;
				CLANG_WARN_SUSPICIOUS_MOVE = YES;
				CLANG_WARN_SUSPICIOUS_MOVES = YES;
				CLANG_WARN_UNREACHABLE_CODE = YES;
				CLANG_WARN__DUPLICATE_METHOD_MATCH = YES;
				"CODE_SIGN_IDENTITY[sdk=iphoneos*]" = "iPhone Developer";
				COPY_PHASE_STRIP = NO;
				DEBUG_INFORMATION_FORMAT = "dwarf-with-dsym";
				ENABLE_NS_ASSERTIONS = NO;
				ENABLE_STRICT_OBJC_MSGSEND = YES;
				GCC_C_LANGUAGE_STANDARD = gnu99;
				GCC_NO_COMMON_BLOCKS = YES;
				GCC_WARN_64_TO_32_BIT_CONVERSION = YES;
				GCC_WARN_ABOUT_RETURN_TYPE = YES_ERROR;
				GCC_WARN_UNDECLARED_SELECTOR = YES;
				GCC_WARN_UNINITIALIZED_AUTOS = YES_AGGRESSIVE;
				GCC_WARN_UNUSED_FUNCTION = YES;
				GCC_WARN_UNUSED_VARIABLE = YES;
				IPHONEOS_DEPLOYMENT_TARGET = 10.1;
				MTL_ENABLE_DEBUG_INFO = NO;
				SDKROOT = iphoneos;
				SWIFT_OPTIMIZATION_LEVEL = "-Owholemodule";
				TARGETED_DEVICE_FAMILY = "1,2";
				VALIDATE_PRODUCT = YES;
			};
			name = Release;
		};
		7B44FEB81E41621200066815 /* Debug */ = {
			isa = XCBuildConfiguration;
			baseConfigurationReference = 02C3E41010081010AD28E43C /* Pods-TwitterLayout.debug.xcconfig */;
			buildSettings = {
				ALWAYS_EMBED_SWIFT_STANDARD_LIBRARIES = YES;
				ASSETCATALOG_COMPILER_APPICON_NAME = AppIcon;
				DEVELOPMENT_TEAM = ULU46F325W;
				INFOPLIST_FILE = TwitterLayout/Info.plist;
				LD_RUNPATH_SEARCH_PATHS = "$(inherited) @executable_path/Frameworks";
				PRODUCT_BUNDLE_IDENTIFIER = com.speedelo.TwitterLayout;
				PRODUCT_NAME = "$(TARGET_NAME)";
				SWIFT_VERSION = 3.0;
			};
			name = Debug;
		};
		7B44FEB91E41621200066815 /* Release */ = {
			isa = XCBuildConfiguration;
			baseConfigurationReference = B1B51F7197880008CC6605D2 /* Pods-TwitterLayout.release.xcconfig */;
			buildSettings = {
				ALWAYS_EMBED_SWIFT_STANDARD_LIBRARIES = YES;
				ASSETCATALOG_COMPILER_APPICON_NAME = AppIcon;
				DEVELOPMENT_TEAM = ULU46F325W;
				INFOPLIST_FILE = TwitterLayout/Info.plist;
				LD_RUNPATH_SEARCH_PATHS = "$(inherited) @executable_path/Frameworks";
				PRODUCT_BUNDLE_IDENTIFIER = com.speedelo.TwitterLayout;
				PRODUCT_NAME = "$(TARGET_NAME)";
				SWIFT_VERSION = 3.0;
			};
			name = Release;
		};
/* End XCBuildConfiguration section */

/* Begin XCConfigurationList section */
		7B44FEA01E41621200066815 /* Build configuration list for PBXProject "TwitterLayout" */ = {
			isa = XCConfigurationList;
			buildConfigurations = (
				7B44FEB51E41621200066815 /* Debug */,
				7B44FEB61E41621200066815 /* Release */,
			);
			defaultConfigurationIsVisible = 0;
			defaultConfigurationName = Release;
		};
		7B44FEB71E41621200066815 /* Build configuration list for PBXNativeTarget "TwitterLayout" */ = {
			isa = XCConfigurationList;
			buildConfigurations = (
				7B44FEB81E41621200066815 /* Debug */,
				7B44FEB91E41621200066815 /* Release */,
			);
			defaultConfigurationIsVisible = 0;
			defaultConfigurationName = Release;
		};
/* End XCConfigurationList section */
	};
	rootObject = 7B44FE9D1E41621200066815 /* Project object */;
}
